{
  "version": 1,
  "dependencies": {
    "net10.0": {
      "Antelcat.I18N.SourceGenerators": {
        "type": "Transitive",
        "resolved": "2.0.0-preview-2",
        "contentHash": "xZo+iwketCNIjnDkPM1v1erAPBSMLMYn7ztr1VBjWLFGNdVTd3fYJ7rpuF5i5d0eYHr1ZOrIOay+qfkJrCKYPQ=="
      },
      "cadoryx.db": {
        "type": "Project"
      },
      "cadoryx.kernel.abstractions": {
        "type": "Project",
        "dependencies": {
          "Cadoryx.Db": "[1.0.0, )"
        }
      },
      "cadoryx.lang": {
        "type": "Project",
        "dependencies": {
          "Antelcat.I18N.SourceGenerators": "[2.0.0-preview-2, )"
        }
      }
    }
  }
}