{
  "version": 1,
  "dependencies": {
    "net10.0": {
      "OcctSharp.Modeling": {
        "type": "Direct",
        "requested": "[8.0.1-preview.28.cadoryx.viewcube.4, 8.0.1-preview.28.cadoryx.viewcube.4]",
        "resolved": "8.0.1-preview.28.cadoryx.viewcube.4",
        "contentHash": "Pirr/vPYfcP97Q90+pHldv/Ghgve0xl4WU71VERtzVlqQ/MjOgMe7evVJpY7Rn/2bSXUZdbU5NeeeqALyl7mlA==",
        "dependencies": {
          "OcctSharp.Foundation": "8.0.1-preview.28.cadoryx.viewcube.4",
          "OcctSharp.Geometry": "8.0.1-preview.28.cadoryx.viewcube.4",
          "OcctSharp.MeshData": "8.0.1-preview.28.cadoryx.viewcube.4",
          "OcctSharp.Runtime": "8.0.1-preview.28.cadoryx.viewcube.4"
        }
      },
      "OcctSharp.Native.win-x64": {
        "type": "Direct",
        "requested": "[8.0.1-preview.28.cadoryx.viewcube.4, 8.0.1-preview.28.cadoryx.viewcube.4]",
        "resolved": "8.0.1-preview.28.cadoryx.viewcube.4",
        "contentHash": "SavHBrjzp0xR2zhy31QBmIC4KTiyXar2at21F5qXotWBAnC5L+fC39cDtHmDNkf0D1YzkFoUv5uHBfEB3xW2pg=="
      },
      "OcctSharp.Foundation": {
        "type": "Transitive",
        "resolved": "8.0.1-preview.28.cadoryx.viewcube.4",
        "contentHash": "T0kTw3nFI/v5EUZnldSG80jYTWhmZ5TpUpF2bIZPgChBCk7QG9GGN+A3IM3t8Hi5E2eT9+eb0L9JmgdSaZa8eA==",
        "dependencies": {
          "OcctSharp.Runtime": "8.0.1-preview.28.cadoryx.viewcube.4"
        }
      },
      "OcctSharp.Geometry": {
        "type": "Transitive",
        "resolved": "8.0.1-preview.28.cadoryx.viewcube.4",
        "contentHash": "b3rVDK6BxKVGm742/0EKwPZ6NdKw1+OqhGBC77XasjKqA5cEe0IbPtjMpD9eP7MrgTPFoKGqQoE0zaKl5F+jlA==",
        "dependencies": {
          "OcctSharp.Foundation": "8.0.1-preview.28.cadoryx.viewcube.4",
          "OcctSharp.Runtime": "8.0.1-preview.28.cadoryx.viewcube.4"
        }
      },
      "OcctSharp.MeshData": {
        "type": "Transitive",
        "resolved": "8.0.1-preview.28.cadoryx.viewcube.4",
        "contentHash": "jW1MhXeMOUL1qt2etd5vB0D7ZsEaAuodoVE5UwmvTXnbSK6DoMMT8T+Km2MA5k7SdpN6s0/AZ+UZFf6KXfKxdA==",
        "dependencies": {
          "OcctSharp.Foundation": "8.0.1-preview.28.cadoryx.viewcube.4",
          "OcctSharp.Geometry": "8.0.1-preview.28.cadoryx.viewcube.4",
          "OcctSharp.Runtime": "8.0.1-preview.28.cadoryx.viewcube.4"
        }
      },
      "OcctSharp.Runtime": {
        "type": "Transitive",
        "resolved": "8.0.1-preview.28.cadoryx.viewcube.4",
        "contentHash": "TugRAuOtWTUS4lpOw22lolDgvjaQwZA8MX5zX8mpisfkl/eTgpzaQW+RTtMICbQfJUhJYjXX94rbmkgW6y7XrA==",
        "dependencies": {
          "OcctSharp.Native.win-x64": "8.0.1-preview.28.cadoryx.viewcube.4"
        }
      }
    },
    "net10.0/win-x64": {}
  }
}