{
  "version": 1,
  "dependencies": {
    "net10.0": {
      "OcctSharp": {
        "type": "Direct",
        "requested": "[8.0.1-preview.28.cadoryx.topology.viewcube.1, 8.0.1-preview.28.cadoryx.topology.viewcube.1]",
        "resolved": "8.0.1-preview.28.cadoryx.topology.viewcube.1",
        "contentHash": "xkGbGKMmMQowcg6/B7ho9YLZOuD1iVzsArUOCFMyxIQXkV5gYD0NK7eMorvtf2H44hRMQjBmayO9ppm7XmVyuQ==",
        "dependencies": {
          "OcctSharp.DataExchange": "8.0.1-preview.28.cadoryx.topology.viewcube.1",
          "OcctSharp.Documents": "8.0.1-preview.28.cadoryx.topology.viewcube.1",
          "OcctSharp.Draw": "8.0.1-preview.28.cadoryx.topology.viewcube.1",
          "OcctSharp.Foundation": "8.0.1-preview.28.cadoryx.topology.viewcube.1",
          "OcctSharp.Geometry": "8.0.1-preview.28.cadoryx.topology.viewcube.1",
          "OcctSharp.IVtk": "8.0.1-preview.28.cadoryx.topology.viewcube.1",
          "OcctSharp.Mesh": "8.0.1-preview.28.cadoryx.topology.viewcube.1",
          "OcctSharp.MeshData": "8.0.1-preview.28.cadoryx.topology.viewcube.1",
          "OcctSharp.Modeling": "8.0.1-preview.28.cadoryx.topology.viewcube.1",
          "OcctSharp.Runtime": "8.0.1-preview.28.cadoryx.topology.viewcube.1",
          "OcctSharp.Visualization": "8.0.1-preview.28.cadoryx.topology.viewcube.1",
          "OcctSharp.Xde": "8.0.1-preview.28.cadoryx.topology.viewcube.1"
        }
      },
      "OcctSharp.Native.win-x64": {
        "type": "Direct",
        "requested": "[8.0.1-preview.28.cadoryx.topology.viewcube.1, 8.0.1-preview.28.cadoryx.topology.viewcube.1]",
        "resolved": "8.0.1-preview.28.cadoryx.topology.viewcube.1",
        "contentHash": "X/dayte6pL2MC/JGx6K+0JGVNnO/BqogLmIG+k7TRY+wEKMl6VAZuEmvPp1Nn3qWkdezGD7Bt2bQl/U3Ab1V6A=="
      },
      "OcctSharp.DataExchange": {
        "type": "Transitive",
        "resolved": "8.0.1-preview.28.cadoryx.topology.viewcube.1",
        "contentHash": "jxc86GxNqJa8zxzwbcsgFZxudbsWsBzro8qIqoMDbNNKB5wkd+XBatTV371IP4TNtT2QKp6pBvCgyaRITE6AmA==",
        "dependencies": {
          "OcctSharp.Documents": "8.0.1-preview.28.cadoryx.topology.viewcube.1",
          "OcctSharp.Foundation": "8.0.1-preview.28.cadoryx.topology.viewcube.1",
          "OcctSharp.Geometry": "8.0.1-preview.28.cadoryx.topology.viewcube.1",
          "OcctSharp.Mesh": "8.0.1-preview.28.cadoryx.topology.viewcube.1",
          "OcctSharp.MeshData": "8.0.1-preview.28.cadoryx.topology.viewcube.1",
          "OcctSharp.Modeling": "8.0.1-preview.28.cadoryx.topology.viewcube.1",
          "OcctSharp.Runtime": "8.0.1-preview.28.cadoryx.topology.viewcube.1",
          "OcctSharp.Visualization": "8.0.1-preview.28.cadoryx.topology.viewcube.1"
        }
      },
      "OcctSharp.Documents": {
        "type": "Transitive",
        "resolved": "8.0.1-preview.28.cadoryx.topology.viewcube.1",
        "contentHash": "UtwwWwRvnI1hl7f7XoK6gTJqtdZMvIVq955bvTS//EVsKmDdXCQ0eadGCQuDWxI4k6ToEdQcYjsVtc7ElTU7cA==",
        "dependencies": {
          "OcctSharp.Foundation": "8.0.1-preview.28.cadoryx.topology.viewcube.1",
          "OcctSharp.Geometry": "8.0.1-preview.28.cadoryx.topology.viewcube.1",
          "OcctSharp.MeshData": "8.0.1-preview.28.cadoryx.topology.viewcube.1",
          "OcctSharp.Modeling": "8.0.1-preview.28.cadoryx.topology.viewcube.1",
          "OcctSharp.Runtime": "8.0.1-preview.28.cadoryx.topology.viewcube.1"
        }
      },
      "OcctSharp.Draw": {
        "type": "Transitive",
        "resolved": "8.0.1-preview.28.cadoryx.topology.viewcube.1",
        "contentHash": "gtsbykaaM40rC4a+rWeU4cGo7pR6JVGbdxBYMtRRkYcMHN49/GRjzbr/pPaLUS6rvI51QVB6ykWu2MX6Y/+nGg==",
        "dependencies": {
          "OcctSharp.Runtime": "8.0.1-preview.28.cadoryx.topology.viewcube.1",
          "OcctSharp.Visualization": "8.0.1-preview.28.cadoryx.topology.viewcube.1",
          "OcctSharp.Xde": "8.0.1-preview.28.cadoryx.topology.viewcube.1"
        }
      },
      "OcctSharp.Foundation": {
        "type": "Transitive",
        "resolved": "8.0.1-preview.28.cadoryx.topology.viewcube.1",
        "contentHash": "Q49zG5iNaBCHW5QUKou02MqPsJ4FTYCs3NcyfgFmQXvXe1QtLN90HF1WZaES1uFvxD08Lt0sowJaMhUxjDTuig==",
        "dependencies": {
          "OcctSharp.Runtime": "8.0.1-preview.28.cadoryx.topology.viewcube.1"
        }
      },
      "OcctSharp.Geometry": {
        "type": "Transitive",
        "resolved": "8.0.1-preview.28.cadoryx.topology.viewcube.1",
        "contentHash": "vfZtEVeuoDD0L0hlJbh3qvD5/WRJyRuWC4BeacqkS3UohwypW4p1hwsOvF9GUJKGp0aB1G9D2i0ex4Q5V2//8g==",
        "dependencies": {
          "OcctSharp.Foundation": "8.0.1-preview.28.cadoryx.topology.viewcube.1",
          "OcctSharp.Runtime": "8.0.1-preview.28.cadoryx.topology.viewcube.1"
        }
      },
      "OcctSharp.IVtk": {
        "type": "Transitive",
        "resolved": "8.0.1-preview.28.cadoryx.topology.viewcube.1",
        "contentHash": "Jrcps4jhdbuaMCrnphNjHO5mm/M1WlcSLsL8AjyH65ONm7rIy70uTjNV62cimpx1WjmF856bsluu+NBSkHTWeQ==",
        "dependencies": {
          "OcctSharp.Runtime": "8.0.1-preview.28.cadoryx.topology.viewcube.1",
          "OcctSharp.Visualization": "8.0.1-preview.28.cadoryx.topology.viewcube.1"
        }
      },
      "OcctSharp.Mesh": {
        "type": "Transitive",
        "resolved": "8.0.1-preview.28.cadoryx.topology.viewcube.1",
        "contentHash": "ngTXTrR8MAy309Dldkgu6SeC3JpUQikA4vyjJMnU+SGFi87LgM2+XJp//u7nqMP5e05iKkFbWzhH8i15k1zZ/w==",
        "dependencies": {
          "OcctSharp.Foundation": "8.0.1-preview.28.cadoryx.topology.viewcube.1",
          "OcctSharp.Geometry": "8.0.1-preview.28.cadoryx.topology.viewcube.1",
          "OcctSharp.MeshData": "8.0.1-preview.28.cadoryx.topology.viewcube.1",
          "OcctSharp.Modeling": "8.0.1-preview.28.cadoryx.topology.viewcube.1",
          "OcctSharp.Runtime": "8.0.1-preview.28.cadoryx.topology.viewcube.1"
        }
      },
      "OcctSharp.MeshData": {
        "type": "Transitive",
        "resolved": "8.0.1-preview.28.cadoryx.topology.viewcube.1",
        "contentHash": "oEkF5kqAfurHlkfAA7DcLwlRk84oXlFIDtX6lTbOS0liqgc27IPNbiyGt07S7BEl6nSyhZDn5FiNwIp0wZwHPA==",
        "dependencies": {
          "OcctSharp.Foundation": "8.0.1-preview.28.cadoryx.topology.viewcube.1",
          "OcctSharp.Geometry": "8.0.1-preview.28.cadoryx.topology.viewcube.1",
          "OcctSharp.Runtime": "8.0.1-preview.28.cadoryx.topology.viewcube.1"
        }
      },
      "OcctSharp.Modeling": {
        "type": "Transitive",
        "resolved": "8.0.1-preview.28.cadoryx.topology.viewcube.1",
        "contentHash": "TPR3pjS0NogI6lYAyx1y7LoTyE9UIufdSyPHu4SynnWyiVeSUOycjYdMHohFDnPgx2n1/FCa+qTRJ81BkWJY4Q==",
        "dependencies": {
          "OcctSharp.Foundation": "8.0.1-preview.28.cadoryx.topology.viewcube.1",
          "OcctSharp.Geometry": "8.0.1-preview.28.cadoryx.topology.viewcube.1",
          "OcctSharp.MeshData": "8.0.1-preview.28.cadoryx.topology.viewcube.1",
          "OcctSharp.Runtime": "8.0.1-preview.28.cadoryx.topology.viewcube.1"
        }
      },
      "OcctSharp.Runtime": {
        "type": "Transitive",
        "resolved": "8.0.1-preview.28.cadoryx.topology.viewcube.1",
        "contentHash": "1dWAfSKicV9iR6Wo5R7So90BD1GRwsi00fqGPTx+pUeLNNUKabsZg6N3Ijm24CFfYUBKC9rMe2qI0vCs7yvacQ==",
        "dependencies": {
          "OcctSharp.Native.win-x64": "8.0.1-preview.28.cadoryx.topology.viewcube.1"
        }
      },
      "OcctSharp.Visualization": {
        "type": "Transitive",
        "resolved": "8.0.1-preview.28.cadoryx.topology.viewcube.1",
        "contentHash": "JbVniR3vB5o8GjRaStPczz0OR75FOQ0R82fGul7VxWzt/stgfq5NlSPwW+v3uyG86AP5EHx+P6WusetML7TjFQ==",
        "dependencies": {
          "OcctSharp.Documents": "8.0.1-preview.28.cadoryx.topology.viewcube.1",
          "OcctSharp.Foundation": "8.0.1-preview.28.cadoryx.topology.viewcube.1",
          "OcctSharp.Geometry": "8.0.1-preview.28.cadoryx.topology.viewcube.1",
          "OcctSharp.Mesh": "8.0.1-preview.28.cadoryx.topology.viewcube.1",
          "OcctSharp.MeshData": "8.0.1-preview.28.cadoryx.topology.viewcube.1",
          "OcctSharp.Modeling": "8.0.1-preview.28.cadoryx.topology.viewcube.1",
          "OcctSharp.Runtime": "8.0.1-preview.28.cadoryx.topology.viewcube.1"
        }
      },
      "OcctSharp.Xde": {
        "type": "Transitive",
        "resolved": "8.0.1-preview.28.cadoryx.topology.viewcube.1",
        "contentHash": "ymKPyH3RHRFxiYBSMsiJfwkuaOfscZQKuv34krWeTqya6IWpNW+oUzY9UcrVmvhnzHqEVZOXl5lX/TUeR49vzQ==",
        "dependencies": {
          "OcctSharp.DataExchange": "8.0.1-preview.28.cadoryx.topology.viewcube.1",
          "OcctSharp.Documents": "8.0.1-preview.28.cadoryx.topology.viewcube.1",
          "OcctSharp.Foundation": "8.0.1-preview.28.cadoryx.topology.viewcube.1",
          "OcctSharp.Geometry": "8.0.1-preview.28.cadoryx.topology.viewcube.1",
          "OcctSharp.Mesh": "8.0.1-preview.28.cadoryx.topology.viewcube.1",
          "OcctSharp.MeshData": "8.0.1-preview.28.cadoryx.topology.viewcube.1",
          "OcctSharp.Modeling": "8.0.1-preview.28.cadoryx.topology.viewcube.1",
          "OcctSharp.Runtime": "8.0.1-preview.28.cadoryx.topology.viewcube.1",
          "OcctSharp.Visualization": "8.0.1-preview.28.cadoryx.topology.viewcube.1"
        }
      }
    },
    "net10.0/win-x64": {}
  }
}