{
  "version": 1,
  "dependencies": {
    "net10.0": {
      "OcctSharp": {
        "type": "Direct",
        "requested": "[8.0.1-preview.28.cadoryx.handles.gizmo.2, 8.0.1-preview.28.cadoryx.handles.gizmo.2]",
        "resolved": "8.0.1-preview.28.cadoryx.handles.gizmo.2",
        "contentHash": "75afYLU4i85T4D2wn7/PaeQRCWpgRvv+ww5QYI+4wdMfntufsS9SRGCVhU6NwVqzMyCAynSl3u5KNv0IzMdz8A==",
        "dependencies": {
          "OcctSharp.DataExchange": "8.0.1-preview.28.cadoryx.handles.gizmo.2",
          "OcctSharp.Documents": "8.0.1-preview.28.cadoryx.handles.gizmo.2",
          "OcctSharp.Draw": "8.0.1-preview.28.cadoryx.handles.gizmo.2",
          "OcctSharp.Foundation": "8.0.1-preview.28.cadoryx.handles.gizmo.2",
          "OcctSharp.Geometry": "8.0.1-preview.28.cadoryx.handles.gizmo.2",
          "OcctSharp.IVtk": "8.0.1-preview.28.cadoryx.handles.gizmo.2",
          "OcctSharp.Mesh": "8.0.1-preview.28.cadoryx.handles.gizmo.2",
          "OcctSharp.MeshData": "8.0.1-preview.28.cadoryx.handles.gizmo.2",
          "OcctSharp.Modeling": "8.0.1-preview.28.cadoryx.handles.gizmo.2",
          "OcctSharp.Runtime": "8.0.1-preview.28.cadoryx.handles.gizmo.2",
          "OcctSharp.Visualization": "8.0.1-preview.28.cadoryx.handles.gizmo.2",
          "OcctSharp.Xde": "8.0.1-preview.28.cadoryx.handles.gizmo.2"
        }
      },
      "OcctSharp.Native.win-x64": {
        "type": "Direct",
        "requested": "[8.0.1-preview.28.cadoryx.handles.gizmo.2, 8.0.1-preview.28.cadoryx.handles.gizmo.2]",
        "resolved": "8.0.1-preview.28.cadoryx.handles.gizmo.2",
        "contentHash": "U1sk70GSZ1mkg2XMUkcmeOT5UpV8uModl0zvVBJY4JszUn8pmbdXavrmOZOjNWysW/rASSf544q+FFcUMq1z0g=="
      },
      "OcctSharp.DataExchange": {
        "type": "Transitive",
        "resolved": "8.0.1-preview.28.cadoryx.handles.gizmo.2",
        "contentHash": "rfY2fsoKNLqCi3uYuUbrQRNTd9ZWa7KbE4jD2WqGygUx5gRgnIzuO6bdhSRikiYhj/RRuDyj87hpYK46YglDLw==",
        "dependencies": {
          "OcctSharp.Documents": "8.0.1-preview.28.cadoryx.handles.gizmo.2",
          "OcctSharp.Foundation": "8.0.1-preview.28.cadoryx.handles.gizmo.2",
          "OcctSharp.Geometry": "8.0.1-preview.28.cadoryx.handles.gizmo.2",
          "OcctSharp.Mesh": "8.0.1-preview.28.cadoryx.handles.gizmo.2",
          "OcctSharp.MeshData": "8.0.1-preview.28.cadoryx.handles.gizmo.2",
          "OcctSharp.Modeling": "8.0.1-preview.28.cadoryx.handles.gizmo.2",
          "OcctSharp.Runtime": "8.0.1-preview.28.cadoryx.handles.gizmo.2",
          "OcctSharp.Visualization": "8.0.1-preview.28.cadoryx.handles.gizmo.2"
        }
      },
      "OcctSharp.Documents": {
        "type": "Transitive",
        "resolved": "8.0.1-preview.28.cadoryx.handles.gizmo.2",
        "contentHash": "LCZNn99O5nSqa8rTdyknetBUztEliDP8pL1HvkU1yAZ8dXAWSPj5ynGjm8Ew0RDT70FFjKsAXcrqMiOKma846Q==",
        "dependencies": {
          "OcctSharp.Foundation": "8.0.1-preview.28.cadoryx.handles.gizmo.2",
          "OcctSharp.Geometry": "8.0.1-preview.28.cadoryx.handles.gizmo.2",
          "OcctSharp.MeshData": "8.0.1-preview.28.cadoryx.handles.gizmo.2",
          "OcctSharp.Modeling": "8.0.1-preview.28.cadoryx.handles.gizmo.2",
          "OcctSharp.Runtime": "8.0.1-preview.28.cadoryx.handles.gizmo.2"
        }
      },
      "OcctSharp.Draw": {
        "type": "Transitive",
        "resolved": "8.0.1-preview.28.cadoryx.handles.gizmo.2",
        "contentHash": "ZtkuIwGxAYNoOQek/mUS7/S/MwWJOG+21PSIMAEwkFbCu8YjKEtiYypFls3E1XnRi5vzrv1SdWhymoh3oQC+eQ==",
        "dependencies": {
          "OcctSharp.Runtime": "8.0.1-preview.28.cadoryx.handles.gizmo.2",
          "OcctSharp.Visualization": "8.0.1-preview.28.cadoryx.handles.gizmo.2",
          "OcctSharp.Xde": "8.0.1-preview.28.cadoryx.handles.gizmo.2"
        }
      },
      "OcctSharp.Foundation": {
        "type": "Transitive",
        "resolved": "8.0.1-preview.28.cadoryx.handles.gizmo.2",
        "contentHash": "kaSSYNr7d1Zb4lZ2q/Y0o5lM6kB20EryujX8RKjTiHSNM5tqQ5dm0VKHSo+EaiVj4aJa/OweI7oKSeBz7eY3WQ==",
        "dependencies": {
          "OcctSharp.Runtime": "8.0.1-preview.28.cadoryx.handles.gizmo.2"
        }
      },
      "OcctSharp.Geometry": {
        "type": "Transitive",
        "resolved": "8.0.1-preview.28.cadoryx.handles.gizmo.2",
        "contentHash": "TiVAqclZbILF9PAoQA+4n2UKtlBks7l38PxPiEyiX526EjQvUwpyPgdnJD3sJN+PeeTc5a/gzD/1naUacqk/nA==",
        "dependencies": {
          "OcctSharp.Foundation": "8.0.1-preview.28.cadoryx.handles.gizmo.2",
          "OcctSharp.Runtime": "8.0.1-preview.28.cadoryx.handles.gizmo.2"
        }
      },
      "OcctSharp.IVtk": {
        "type": "Transitive",
        "resolved": "8.0.1-preview.28.cadoryx.handles.gizmo.2",
        "contentHash": "Z6NuMS97G5w0Tm40q8Xheh4o4htJ55kallKJ1KZOJu9cdFMa69M+HojofXuuHiKDeXIl6HjXU1U9J20sXFTHwA==",
        "dependencies": {
          "OcctSharp.Runtime": "8.0.1-preview.28.cadoryx.handles.gizmo.2",
          "OcctSharp.Visualization": "8.0.1-preview.28.cadoryx.handles.gizmo.2"
        }
      },
      "OcctSharp.Mesh": {
        "type": "Transitive",
        "resolved": "8.0.1-preview.28.cadoryx.handles.gizmo.2",
        "contentHash": "YVECiYPiH2lZ6hBNRT/TfYWf2PCMZtdAOQqw6BbwzKJnGGDUW5MuXdYizHjSTZaYn0jdjgnIR/dahhJcZml8gg==",
        "dependencies": {
          "OcctSharp.Foundation": "8.0.1-preview.28.cadoryx.handles.gizmo.2",
          "OcctSharp.Geometry": "8.0.1-preview.28.cadoryx.handles.gizmo.2",
          "OcctSharp.MeshData": "8.0.1-preview.28.cadoryx.handles.gizmo.2",
          "OcctSharp.Modeling": "8.0.1-preview.28.cadoryx.handles.gizmo.2",
          "OcctSharp.Runtime": "8.0.1-preview.28.cadoryx.handles.gizmo.2"
        }
      },
      "OcctSharp.MeshData": {
        "type": "Transitive",
        "resolved": "8.0.1-preview.28.cadoryx.handles.gizmo.2",
        "contentHash": "xdShdfPCgxlqEYIiFg5J8ACl05WqoKc6MW0udG1bP/3qMH/Z3shxQM4c2of/IB1y00B03ACrxfgHPcuNKD5/Bw==",
        "dependencies": {
          "OcctSharp.Foundation": "8.0.1-preview.28.cadoryx.handles.gizmo.2",
          "OcctSharp.Geometry": "8.0.1-preview.28.cadoryx.handles.gizmo.2",
          "OcctSharp.Runtime": "8.0.1-preview.28.cadoryx.handles.gizmo.2"
        }
      },
      "OcctSharp.Modeling": {
        "type": "Transitive",
        "resolved": "8.0.1-preview.28.cadoryx.handles.gizmo.2",
        "contentHash": "07srP7vSOZu63rek912UUh93i3QryFEUXkhaOcyhYor9jawPqHQq/2m25Yn4Upl5BH/Yo7qFYcElcya0A5W86A==",
        "dependencies": {
          "OcctSharp.Foundation": "8.0.1-preview.28.cadoryx.handles.gizmo.2",
          "OcctSharp.Geometry": "8.0.1-preview.28.cadoryx.handles.gizmo.2",
          "OcctSharp.MeshData": "8.0.1-preview.28.cadoryx.handles.gizmo.2",
          "OcctSharp.Runtime": "8.0.1-preview.28.cadoryx.handles.gizmo.2"
        }
      },
      "OcctSharp.Runtime": {
        "type": "Transitive",
        "resolved": "8.0.1-preview.28.cadoryx.handles.gizmo.2",
        "contentHash": "/5S1Xq7nqxzgBtwB3UOKrsyat6lSBnZFhgO4l8ENSWYLAR5oe0Tt0X/8yuOANNlcjgdv6xFByqsuVwYcETb+DQ==",
        "dependencies": {
          "OcctSharp.Native.win-x64": "8.0.1-preview.28.cadoryx.handles.gizmo.2"
        }
      },
      "OcctSharp.Visualization": {
        "type": "Transitive",
        "resolved": "8.0.1-preview.28.cadoryx.handles.gizmo.2",
        "contentHash": "xVV2DU97zHY0FS7PLCuNsH/lAeT3k8ZrFrIphddMk2NBIAt6/HOi/0U4SI4eJCg4FOQYXbhw3GI76Nl5PUmCHg==",
        "dependencies": {
          "OcctSharp.Documents": "8.0.1-preview.28.cadoryx.handles.gizmo.2",
          "OcctSharp.Foundation": "8.0.1-preview.28.cadoryx.handles.gizmo.2",
          "OcctSharp.Geometry": "8.0.1-preview.28.cadoryx.handles.gizmo.2",
          "OcctSharp.Mesh": "8.0.1-preview.28.cadoryx.handles.gizmo.2",
          "OcctSharp.MeshData": "8.0.1-preview.28.cadoryx.handles.gizmo.2",
          "OcctSharp.Modeling": "8.0.1-preview.28.cadoryx.handles.gizmo.2",
          "OcctSharp.Runtime": "8.0.1-preview.28.cadoryx.handles.gizmo.2"
        }
      },
      "OcctSharp.Xde": {
        "type": "Transitive",
        "resolved": "8.0.1-preview.28.cadoryx.handles.gizmo.2",
        "contentHash": "x1dlyccwnp5oQmIYibIa/tVvxt5RrpQTQbiTW7Tkteed/wHp42ee6lZTGkTiHgIvHb1bG5D844mHmq4qlM1W8A==",
        "dependencies": {
          "OcctSharp.DataExchange": "8.0.1-preview.28.cadoryx.handles.gizmo.2",
          "OcctSharp.Documents": "8.0.1-preview.28.cadoryx.handles.gizmo.2",
          "OcctSharp.Foundation": "8.0.1-preview.28.cadoryx.handles.gizmo.2",
          "OcctSharp.Geometry": "8.0.1-preview.28.cadoryx.handles.gizmo.2",
          "OcctSharp.Mesh": "8.0.1-preview.28.cadoryx.handles.gizmo.2",
          "OcctSharp.MeshData": "8.0.1-preview.28.cadoryx.handles.gizmo.2",
          "OcctSharp.Modeling": "8.0.1-preview.28.cadoryx.handles.gizmo.2",
          "OcctSharp.Runtime": "8.0.1-preview.28.cadoryx.handles.gizmo.2",
          "OcctSharp.Visualization": "8.0.1-preview.28.cadoryx.handles.gizmo.2"
        }
      }
    },
    "net10.0/win-x64": {}
  }
}