{
  "version": 1,
  "dependencies": {
    "net10.0": {
      "OcctSharp": {
        "type": "Direct",
        "requested": "[8.0.1-preview.28.cadoryx.viewcube.5, 8.0.1-preview.28.cadoryx.viewcube.5]",
        "resolved": "8.0.1-preview.28.cadoryx.viewcube.5",
        "contentHash": "o+hi4ZGxVRYqsCCSzOnse5ALbCm69KPR1Qn3R7QMuqBVfqAz/iR2pQUlFVeH50bBUa1vzHQU33TIuOor0Wp6ew==",
        "dependencies": {
          "OcctSharp.DataExchange": "8.0.1-preview.28.cadoryx.viewcube.5",
          "OcctSharp.Documents": "8.0.1-preview.28.cadoryx.viewcube.5",
          "OcctSharp.Draw": "8.0.1-preview.28.cadoryx.viewcube.5",
          "OcctSharp.Foundation": "8.0.1-preview.28.cadoryx.viewcube.5",
          "OcctSharp.Geometry": "8.0.1-preview.28.cadoryx.viewcube.5",
          "OcctSharp.IVtk": "8.0.1-preview.28.cadoryx.viewcube.5",
          "OcctSharp.Mesh": "8.0.1-preview.28.cadoryx.viewcube.5",
          "OcctSharp.MeshData": "8.0.1-preview.28.cadoryx.viewcube.5",
          "OcctSharp.Modeling": "8.0.1-preview.28.cadoryx.viewcube.5",
          "OcctSharp.Runtime": "8.0.1-preview.28.cadoryx.viewcube.5",
          "OcctSharp.Visualization": "8.0.1-preview.28.cadoryx.viewcube.5",
          "OcctSharp.Xde": "8.0.1-preview.28.cadoryx.viewcube.5"
        }
      },
      "OcctSharp.DataExchange": {
        "type": "Transitive",
        "resolved": "8.0.1-preview.28.cadoryx.viewcube.5",
        "contentHash": "/JXWFBe8yGm8c7Bf3DAURuyDjrlD2v4/xyOMNDP6FPUm4ZFl7uZPtAC08eKJ6Y6kA8ed4hrJv92XHsqzYHdSOQ==",
        "dependencies": {
          "OcctSharp.Documents": "8.0.1-preview.28.cadoryx.viewcube.5",
          "OcctSharp.Foundation": "8.0.1-preview.28.cadoryx.viewcube.5",
          "OcctSharp.Geometry": "8.0.1-preview.28.cadoryx.viewcube.5",
          "OcctSharp.Mesh": "8.0.1-preview.28.cadoryx.viewcube.5",
          "OcctSharp.MeshData": "8.0.1-preview.28.cadoryx.viewcube.5",
          "OcctSharp.Modeling": "8.0.1-preview.28.cadoryx.viewcube.5",
          "OcctSharp.Runtime": "8.0.1-preview.28.cadoryx.viewcube.5",
          "OcctSharp.Visualization": "8.0.1-preview.28.cadoryx.viewcube.5"
        }
      },
      "OcctSharp.Documents": {
        "type": "Transitive",
        "resolved": "8.0.1-preview.28.cadoryx.viewcube.5",
        "contentHash": "vOQhQxKvuGklDUAe0Vp/p5UetIj6CWWEblVrcqHPLlFYxDr6Imq8V0sq4KZTULPRzEFOqnt+Kpnw+nFk9fPbwQ==",
        "dependencies": {
          "OcctSharp.Foundation": "8.0.1-preview.28.cadoryx.viewcube.5",
          "OcctSharp.Geometry": "8.0.1-preview.28.cadoryx.viewcube.5",
          "OcctSharp.MeshData": "8.0.1-preview.28.cadoryx.viewcube.5",
          "OcctSharp.Modeling": "8.0.1-preview.28.cadoryx.viewcube.5",
          "OcctSharp.Runtime": "8.0.1-preview.28.cadoryx.viewcube.5"
        }
      },
      "OcctSharp.Draw": {
        "type": "Transitive",
        "resolved": "8.0.1-preview.28.cadoryx.viewcube.5",
        "contentHash": "iUVAUZTLIk8gSJEAHEv98Hu8Em79JmQWWSM3lmzqlAr7YPKuDo1K+8wqZnuzvtuCAmGH8dVEncnDDPoBDrdRQg==",
        "dependencies": {
          "OcctSharp.Runtime": "8.0.1-preview.28.cadoryx.viewcube.5",
          "OcctSharp.Visualization": "8.0.1-preview.28.cadoryx.viewcube.5",
          "OcctSharp.Xde": "8.0.1-preview.28.cadoryx.viewcube.5"
        }
      },
      "OcctSharp.Foundation": {
        "type": "Transitive",
        "resolved": "8.0.1-preview.28.cadoryx.viewcube.5",
        "contentHash": "G76f5R8KG3fPeBL5UDU9n6My4o0l5TS+Ig3/IazuHSb6sMlzx6EmgWtyCV/5X9cQLYKxo9Xk3EZTz5uwHmc5gA==",
        "dependencies": {
          "OcctSharp.Runtime": "8.0.1-preview.28.cadoryx.viewcube.5"
        }
      },
      "OcctSharp.Geometry": {
        "type": "Transitive",
        "resolved": "8.0.1-preview.28.cadoryx.viewcube.5",
        "contentHash": "wJPOTNSVTfjHyMmd+qchpF+BdT6zbl8iP7OQwOgegzEAtkSPgeE0rKnUjcVXwvJFDKxhKjhS7Y9Z1bqIhcPCEg==",
        "dependencies": {
          "OcctSharp.Foundation": "8.0.1-preview.28.cadoryx.viewcube.5",
          "OcctSharp.Runtime": "8.0.1-preview.28.cadoryx.viewcube.5"
        }
      },
      "OcctSharp.IVtk": {
        "type": "Transitive",
        "resolved": "8.0.1-preview.28.cadoryx.viewcube.5",
        "contentHash": "KeDzYcMOt1Lb5Hn2jAg9I02alAFCfWqxp2ZGmv2/dOTjLOIBO4s3ZFCwbzqnsa2g+V22VJ5j4YBhsYvVxNpBTw==",
        "dependencies": {
          "OcctSharp.Runtime": "8.0.1-preview.28.cadoryx.viewcube.5",
          "OcctSharp.Visualization": "8.0.1-preview.28.cadoryx.viewcube.5"
        }
      },
      "OcctSharp.Mesh": {
        "type": "Transitive",
        "resolved": "8.0.1-preview.28.cadoryx.viewcube.5",
        "contentHash": "KxFGyErCReP+DKhygn7USdO2RFD/MxaEnttzb0g7MaGUUuC5wl+D10BVmleem5hPerGdoCOgrgWLSpZlIBkfXQ==",
        "dependencies": {
          "OcctSharp.Foundation": "8.0.1-preview.28.cadoryx.viewcube.5",
          "OcctSharp.Geometry": "8.0.1-preview.28.cadoryx.viewcube.5",
          "OcctSharp.MeshData": "8.0.1-preview.28.cadoryx.viewcube.5",
          "OcctSharp.Modeling": "8.0.1-preview.28.cadoryx.viewcube.5",
          "OcctSharp.Runtime": "8.0.1-preview.28.cadoryx.viewcube.5"
        }
      },
      "OcctSharp.MeshData": {
        "type": "Transitive",
        "resolved": "8.0.1-preview.28.cadoryx.viewcube.5",
        "contentHash": "Z4zO6/GGDIoFomT78yJlYAXBUv7lgkmHvyEr0xrr+LLpm74ogUrYE9fgBRDIk0iVhj5D/1m4K+FxgoakT6jeBQ==",
        "dependencies": {
          "OcctSharp.Foundation": "8.0.1-preview.28.cadoryx.viewcube.5",
          "OcctSharp.Geometry": "8.0.1-preview.28.cadoryx.viewcube.5",
          "OcctSharp.Runtime": "8.0.1-preview.28.cadoryx.viewcube.5"
        }
      },
      "OcctSharp.Modeling": {
        "type": "Transitive",
        "resolved": "8.0.1-preview.28.cadoryx.viewcube.5",
        "contentHash": "Mhi/0mzjWhIuxtPeoo+HGMjSiZHPxJvw3kMlKdjktPoUDk1BOSFPFue/ANSflzemn5Nz+xh3vP9wvNMLUqr9Kw==",
        "dependencies": {
          "OcctSharp.Foundation": "8.0.1-preview.28.cadoryx.viewcube.5",
          "OcctSharp.Geometry": "8.0.1-preview.28.cadoryx.viewcube.5",
          "OcctSharp.MeshData": "8.0.1-preview.28.cadoryx.viewcube.5",
          "OcctSharp.Runtime": "8.0.1-preview.28.cadoryx.viewcube.5"
        }
      },
      "OcctSharp.Native.win-x64": {
        "type": "Transitive",
        "resolved": "8.0.1-preview.28.cadoryx.viewcube.5",
        "contentHash": "N+fFfR9NHHuIGvqmfNg0y7dQxMeq4de1N4yvKKNQJu/2I3H0rCTAgjtCU4vISJkFb4RqgyYZeVWHE0iZ+6FxHw=="
      },
      "OcctSharp.Runtime": {
        "type": "Transitive",
        "resolved": "8.0.1-preview.28.cadoryx.viewcube.5",
        "contentHash": "I6I/1pPsVcJo/PvMwuW+ImD7Kw/i9thEU5qZqTYMmUIe3shb56tYRFGU4ParmeoUZc64xWvkUnTylRLYpfi6sg==",
        "dependencies": {
          "OcctSharp.Native.win-x64": "8.0.1-preview.28.cadoryx.viewcube.5"
        }
      },
      "OcctSharp.Visualization": {
        "type": "Transitive",
        "resolved": "8.0.1-preview.28.cadoryx.viewcube.5",
        "contentHash": "utLplEWhSGl650lHmWoU/IZs4+jTm+BGcppZKYJiYp/OKfOl1umHT6pULPDUyctXAIJTk6kd2lFqj9eodtpiUA==",
        "dependencies": {
          "OcctSharp.Documents": "8.0.1-preview.28.cadoryx.viewcube.5",
          "OcctSharp.Foundation": "8.0.1-preview.28.cadoryx.viewcube.5",
          "OcctSharp.Geometry": "8.0.1-preview.28.cadoryx.viewcube.5",
          "OcctSharp.Mesh": "8.0.1-preview.28.cadoryx.viewcube.5",
          "OcctSharp.MeshData": "8.0.1-preview.28.cadoryx.viewcube.5",
          "OcctSharp.Modeling": "8.0.1-preview.28.cadoryx.viewcube.5",
          "OcctSharp.Runtime": "8.0.1-preview.28.cadoryx.viewcube.5"
        }
      },
      "OcctSharp.Xde": {
        "type": "Transitive",
        "resolved": "8.0.1-preview.28.cadoryx.viewcube.5",
        "contentHash": "oGUzBklYPvfLy6Mhn1At+FHox41SsMkTQdYBBAKu5tTDoGHRZhqXoyWBZabAg3qxv3lJ8rMT9oe9e4lNpy1tGw==",
        "dependencies": {
          "OcctSharp.DataExchange": "8.0.1-preview.28.cadoryx.viewcube.5",
          "OcctSharp.Documents": "8.0.1-preview.28.cadoryx.viewcube.5",
          "OcctSharp.Foundation": "8.0.1-preview.28.cadoryx.viewcube.5",
          "OcctSharp.Geometry": "8.0.1-preview.28.cadoryx.viewcube.5",
          "OcctSharp.Mesh": "8.0.1-preview.28.cadoryx.viewcube.5",
          "OcctSharp.MeshData": "8.0.1-preview.28.cadoryx.viewcube.5",
          "OcctSharp.Modeling": "8.0.1-preview.28.cadoryx.viewcube.5",
          "OcctSharp.Runtime": "8.0.1-preview.28.cadoryx.viewcube.5",
          "OcctSharp.Visualization": "8.0.1-preview.28.cadoryx.viewcube.5"
        }
      },
      "cadoryx.db": {
        "type": "Project"
      },
      "cadoryx.kernel.abstractions": {
        "type": "Project",
        "dependencies": {
          "Cadoryx.Db": "[1.0.0, )"
        }
      }
    }
  }
}