{
  "version": 1,
  "dependencies": {
    "net10.0": {
      "OcctSharp": {
        "type": "Direct",
        "requested": "[8.0.1-preview.28.cadoryx.viewcube.4, 8.0.1-preview.28.cadoryx.viewcube.4]",
        "resolved": "8.0.1-preview.28.cadoryx.viewcube.4",
        "contentHash": "Nwu482oTUHwsw/nMJMhxeXzeqx0j+RBFq1AQP2D5eqrArIuVrvGcb6DpLtq+VgDrDbbRYCA/gAH5WfUCiIHgDw==",
        "dependencies": {
          "OcctSharp.DataExchange": "8.0.1-preview.28.cadoryx.viewcube.4",
          "OcctSharp.Documents": "8.0.1-preview.28.cadoryx.viewcube.4",
          "OcctSharp.Draw": "8.0.1-preview.28.cadoryx.viewcube.4",
          "OcctSharp.Foundation": "8.0.1-preview.28.cadoryx.viewcube.4",
          "OcctSharp.Geometry": "8.0.1-preview.28.cadoryx.viewcube.4",
          "OcctSharp.IVtk": "8.0.1-preview.28.cadoryx.viewcube.4",
          "OcctSharp.Mesh": "8.0.1-preview.28.cadoryx.viewcube.4",
          "OcctSharp.MeshData": "8.0.1-preview.28.cadoryx.viewcube.4",
          "OcctSharp.Modeling": "8.0.1-preview.28.cadoryx.viewcube.4",
          "OcctSharp.Runtime": "8.0.1-preview.28.cadoryx.viewcube.4",
          "OcctSharp.Visualization": "8.0.1-preview.28.cadoryx.viewcube.4",
          "OcctSharp.Xde": "8.0.1-preview.28.cadoryx.viewcube.4"
        }
      },
      "OcctSharp.DataExchange": {
        "type": "Transitive",
        "resolved": "8.0.1-preview.28.cadoryx.viewcube.4",
        "contentHash": "ZDAjF6MgIH4lpJnRxwzKoMfFXccOGS+kB9D5nLz8SfX5xNkkjatKJKfO3ItFpGt3EjE40i8m4WePuToKWGmnZA==",
        "dependencies": {
          "OcctSharp.Documents": "8.0.1-preview.28.cadoryx.viewcube.4",
          "OcctSharp.Foundation": "8.0.1-preview.28.cadoryx.viewcube.4",
          "OcctSharp.Geometry": "8.0.1-preview.28.cadoryx.viewcube.4",
          "OcctSharp.Mesh": "8.0.1-preview.28.cadoryx.viewcube.4",
          "OcctSharp.MeshData": "8.0.1-preview.28.cadoryx.viewcube.4",
          "OcctSharp.Modeling": "8.0.1-preview.28.cadoryx.viewcube.4",
          "OcctSharp.Runtime": "8.0.1-preview.28.cadoryx.viewcube.4",
          "OcctSharp.Visualization": "8.0.1-preview.28.cadoryx.viewcube.4"
        }
      },
      "OcctSharp.Documents": {
        "type": "Transitive",
        "resolved": "8.0.1-preview.28.cadoryx.viewcube.4",
        "contentHash": "oTfC596A1Zl177MUfGXTkQ85XDmKFqMOP0QD4YwEME/+hwheqEDW+rnf/obqY1hUs9GPuadbDdvG57LcgI4ivw==",
        "dependencies": {
          "OcctSharp.Foundation": "8.0.1-preview.28.cadoryx.viewcube.4",
          "OcctSharp.Geometry": "8.0.1-preview.28.cadoryx.viewcube.4",
          "OcctSharp.MeshData": "8.0.1-preview.28.cadoryx.viewcube.4",
          "OcctSharp.Modeling": "8.0.1-preview.28.cadoryx.viewcube.4",
          "OcctSharp.Runtime": "8.0.1-preview.28.cadoryx.viewcube.4"
        }
      },
      "OcctSharp.Draw": {
        "type": "Transitive",
        "resolved": "8.0.1-preview.28.cadoryx.viewcube.4",
        "contentHash": "QTnBt31aPESlu1mQdAMp0lRpJtaVMK6M/Z91em6pBNVU1oTt4Ymaz8W7jDx0byiBp/90f/GNe1drnX66WQU5nA==",
        "dependencies": {
          "OcctSharp.Runtime": "8.0.1-preview.28.cadoryx.viewcube.4",
          "OcctSharp.Visualization": "8.0.1-preview.28.cadoryx.viewcube.4",
          "OcctSharp.Xde": "8.0.1-preview.28.cadoryx.viewcube.4"
        }
      },
      "OcctSharp.Foundation": {
        "type": "Transitive",
        "resolved": "8.0.1-preview.28.cadoryx.viewcube.4",
        "contentHash": "T0kTw3nFI/v5EUZnldSG80jYTWhmZ5TpUpF2bIZPgChBCk7QG9GGN+A3IM3t8Hi5E2eT9+eb0L9JmgdSaZa8eA==",
        "dependencies": {
          "OcctSharp.Runtime": "8.0.1-preview.28.cadoryx.viewcube.4"
        }
      },
      "OcctSharp.Geometry": {
        "type": "Transitive",
        "resolved": "8.0.1-preview.28.cadoryx.viewcube.4",
        "contentHash": "b3rVDK6BxKVGm742/0EKwPZ6NdKw1+OqhGBC77XasjKqA5cEe0IbPtjMpD9eP7MrgTPFoKGqQoE0zaKl5F+jlA==",
        "dependencies": {
          "OcctSharp.Foundation": "8.0.1-preview.28.cadoryx.viewcube.4",
          "OcctSharp.Runtime": "8.0.1-preview.28.cadoryx.viewcube.4"
        }
      },
      "OcctSharp.IVtk": {
        "type": "Transitive",
        "resolved": "8.0.1-preview.28.cadoryx.viewcube.4",
        "contentHash": "0F+IwnHFAeETCSvVpIPLBmAfd8glxju0CgT7r8Z6Eyu3INcqR60adn3xYZGl/ybhjOAiJmr7ojbhtA3uG7Y3KA==",
        "dependencies": {
          "OcctSharp.Runtime": "8.0.1-preview.28.cadoryx.viewcube.4",
          "OcctSharp.Visualization": "8.0.1-preview.28.cadoryx.viewcube.4"
        }
      },
      "OcctSharp.Mesh": {
        "type": "Transitive",
        "resolved": "8.0.1-preview.28.cadoryx.viewcube.4",
        "contentHash": "cgEWgqx+cvMdduKCPEofHxs/wMIc18sj3feONYZd96RmgxQr/P/gXsGrL+3soxBUrGVQETQ/oBUDOwZxRJCQRA==",
        "dependencies": {
          "OcctSharp.Foundation": "8.0.1-preview.28.cadoryx.viewcube.4",
          "OcctSharp.Geometry": "8.0.1-preview.28.cadoryx.viewcube.4",
          "OcctSharp.MeshData": "8.0.1-preview.28.cadoryx.viewcube.4",
          "OcctSharp.Modeling": "8.0.1-preview.28.cadoryx.viewcube.4",
          "OcctSharp.Runtime": "8.0.1-preview.28.cadoryx.viewcube.4"
        }
      },
      "OcctSharp.MeshData": {
        "type": "Transitive",
        "resolved": "8.0.1-preview.28.cadoryx.viewcube.4",
        "contentHash": "jW1MhXeMOUL1qt2etd5vB0D7ZsEaAuodoVE5UwmvTXnbSK6DoMMT8T+Km2MA5k7SdpN6s0/AZ+UZFf6KXfKxdA==",
        "dependencies": {
          "OcctSharp.Foundation": "8.0.1-preview.28.cadoryx.viewcube.4",
          "OcctSharp.Geometry": "8.0.1-preview.28.cadoryx.viewcube.4",
          "OcctSharp.Runtime": "8.0.1-preview.28.cadoryx.viewcube.4"
        }
      },
      "OcctSharp.Modeling": {
        "type": "Transitive",
        "resolved": "8.0.1-preview.28.cadoryx.viewcube.4",
        "contentHash": "Pirr/vPYfcP97Q90+pHldv/Ghgve0xl4WU71VERtzVlqQ/MjOgMe7evVJpY7Rn/2bSXUZdbU5NeeeqALyl7mlA==",
        "dependencies": {
          "OcctSharp.Foundation": "8.0.1-preview.28.cadoryx.viewcube.4",
          "OcctSharp.Geometry": "8.0.1-preview.28.cadoryx.viewcube.4",
          "OcctSharp.MeshData": "8.0.1-preview.28.cadoryx.viewcube.4",
          "OcctSharp.Runtime": "8.0.1-preview.28.cadoryx.viewcube.4"
        }
      },
      "OcctSharp.Native.win-x64": {
        "type": "Transitive",
        "resolved": "8.0.1-preview.28.cadoryx.viewcube.4",
        "contentHash": "SavHBrjzp0xR2zhy31QBmIC4KTiyXar2at21F5qXotWBAnC5L+fC39cDtHmDNkf0D1YzkFoUv5uHBfEB3xW2pg=="
      },
      "OcctSharp.Runtime": {
        "type": "Transitive",
        "resolved": "8.0.1-preview.28.cadoryx.viewcube.4",
        "contentHash": "TugRAuOtWTUS4lpOw22lolDgvjaQwZA8MX5zX8mpisfkl/eTgpzaQW+RTtMICbQfJUhJYjXX94rbmkgW6y7XrA==",
        "dependencies": {
          "OcctSharp.Native.win-x64": "8.0.1-preview.28.cadoryx.viewcube.4"
        }
      },
      "OcctSharp.Visualization": {
        "type": "Transitive",
        "resolved": "8.0.1-preview.28.cadoryx.viewcube.4",
        "contentHash": "XYVBvRdXSUZDMsw5W0VxGsISfTpLOjAG01DBE2CeE5FBs1QERtYjYfNoFiRkVK7StYGIXDuUm10ZEZ0VZXAIOA==",
        "dependencies": {
          "OcctSharp.Documents": "8.0.1-preview.28.cadoryx.viewcube.4",
          "OcctSharp.Foundation": "8.0.1-preview.28.cadoryx.viewcube.4",
          "OcctSharp.Geometry": "8.0.1-preview.28.cadoryx.viewcube.4",
          "OcctSharp.Mesh": "8.0.1-preview.28.cadoryx.viewcube.4",
          "OcctSharp.MeshData": "8.0.1-preview.28.cadoryx.viewcube.4",
          "OcctSharp.Modeling": "8.0.1-preview.28.cadoryx.viewcube.4",
          "OcctSharp.Runtime": "8.0.1-preview.28.cadoryx.viewcube.4"
        }
      },
      "OcctSharp.Xde": {
        "type": "Transitive",
        "resolved": "8.0.1-preview.28.cadoryx.viewcube.4",
        "contentHash": "y26Hp6JS2rNxtiVC3Sz3qFPUpOjB5LJdxAuv5frTMLEBQZVRIVC+4QPjY2hbrlbiFRaY30tYxTB6m4xgknqrCw==",
        "dependencies": {
          "OcctSharp.DataExchange": "8.0.1-preview.28.cadoryx.viewcube.4",
          "OcctSharp.Documents": "8.0.1-preview.28.cadoryx.viewcube.4",
          "OcctSharp.Foundation": "8.0.1-preview.28.cadoryx.viewcube.4",
          "OcctSharp.Geometry": "8.0.1-preview.28.cadoryx.viewcube.4",
          "OcctSharp.Mesh": "8.0.1-preview.28.cadoryx.viewcube.4",
          "OcctSharp.MeshData": "8.0.1-preview.28.cadoryx.viewcube.4",
          "OcctSharp.Modeling": "8.0.1-preview.28.cadoryx.viewcube.4",
          "OcctSharp.Runtime": "8.0.1-preview.28.cadoryx.viewcube.4",
          "OcctSharp.Visualization": "8.0.1-preview.28.cadoryx.viewcube.4"
        }
      },
      "cadoryx.db": {
        "type": "Project"
      },
      "cadoryx.kernel.abstractions": {
        "type": "Project",
        "dependencies": {
          "Cadoryx.Db": "[1.0.0, )"
        }
      }
    }
  }
}