{
  "version": 1,
  "dependencies": {
    "net10.0": {
      "OcctSharp": {
        "type": "Direct",
        "requested": "[8.0.1-preview.28.cadoryx.topology.1, 8.0.1-preview.28.cadoryx.topology.1]",
        "resolved": "8.0.1-preview.28.cadoryx.topology.1",
        "contentHash": "hiK8C2YIuKNJ4EWK5DL5GEXuikKmACOzq4pfJQkDj0OqzKd1m+yl/ktEpmRYw6ZgdYiWn4s4l/ODoy6/8R43hw==",
        "dependencies": {
          "OcctSharp.DataExchange": "8.0.1-preview.28.cadoryx.topology.1",
          "OcctSharp.Documents": "8.0.1-preview.28.cadoryx.topology.1",
          "OcctSharp.Draw": "8.0.1-preview.28.cadoryx.topology.1",
          "OcctSharp.Foundation": "8.0.1-preview.28.cadoryx.topology.1",
          "OcctSharp.Geometry": "8.0.1-preview.28.cadoryx.topology.1",
          "OcctSharp.IVtk": "8.0.1-preview.28.cadoryx.topology.1",
          "OcctSharp.Mesh": "8.0.1-preview.28.cadoryx.topology.1",
          "OcctSharp.MeshData": "8.0.1-preview.28.cadoryx.topology.1",
          "OcctSharp.Modeling": "8.0.1-preview.28.cadoryx.topology.1",
          "OcctSharp.Runtime": "8.0.1-preview.28.cadoryx.topology.1",
          "OcctSharp.Visualization": "8.0.1-preview.28.cadoryx.topology.1",
          "OcctSharp.Xde": "8.0.1-preview.28.cadoryx.topology.1"
        }
      },
      "OcctSharp.DataExchange": {
        "type": "Transitive",
        "resolved": "8.0.1-preview.28.cadoryx.topology.1",
        "contentHash": "sAeFFDz1nmrl8/+4oUgRhzYPDtsX8nqUre/t5QfCy4+QzuNjAGKMn38q2YbAxspaP3fd33bhJcK5h5AwcevcuA==",
        "dependencies": {
          "OcctSharp.Documents": "8.0.1-preview.28.cadoryx.topology.1",
          "OcctSharp.Foundation": "8.0.1-preview.28.cadoryx.topology.1",
          "OcctSharp.Geometry": "8.0.1-preview.28.cadoryx.topology.1",
          "OcctSharp.Mesh": "8.0.1-preview.28.cadoryx.topology.1",
          "OcctSharp.MeshData": "8.0.1-preview.28.cadoryx.topology.1",
          "OcctSharp.Modeling": "8.0.1-preview.28.cadoryx.topology.1",
          "OcctSharp.Runtime": "8.0.1-preview.28.cadoryx.topology.1",
          "OcctSharp.Visualization": "8.0.1-preview.28.cadoryx.topology.1"
        }
      },
      "OcctSharp.Documents": {
        "type": "Transitive",
        "resolved": "8.0.1-preview.28.cadoryx.topology.1",
        "contentHash": "w3J3hU3d1ZWw0sn839MVQ9qp9QReIZ5xF7AKnhPfhbgmu38kmIYj3SrEtPPjPEeWulbpSPICrktyNqo1nwArtw==",
        "dependencies": {
          "OcctSharp.Foundation": "8.0.1-preview.28.cadoryx.topology.1",
          "OcctSharp.Geometry": "8.0.1-preview.28.cadoryx.topology.1",
          "OcctSharp.MeshData": "8.0.1-preview.28.cadoryx.topology.1",
          "OcctSharp.Modeling": "8.0.1-preview.28.cadoryx.topology.1",
          "OcctSharp.Runtime": "8.0.1-preview.28.cadoryx.topology.1"
        }
      },
      "OcctSharp.Draw": {
        "type": "Transitive",
        "resolved": "8.0.1-preview.28.cadoryx.topology.1",
        "contentHash": "7ALH0u1g7SF8Set/iz870ZwP5OwEdlqnfttFhSuY/9BS2i6ULMENhalp2pWXFyvZwHiVYbG+FoKksFt+3FJW6Q==",
        "dependencies": {
          "OcctSharp.Runtime": "8.0.1-preview.28.cadoryx.topology.1",
          "OcctSharp.Visualization": "8.0.1-preview.28.cadoryx.topology.1",
          "OcctSharp.Xde": "8.0.1-preview.28.cadoryx.topology.1"
        }
      },
      "OcctSharp.Foundation": {
        "type": "Transitive",
        "resolved": "8.0.1-preview.28.cadoryx.topology.1",
        "contentHash": "479InOBRVecPC2Ik3DFKFI2sIjKnlTJhFi4XsvXFgAi09B3wkzZBJeUSzSBs26BAQBAz9bECwOjFE9kT3CSiaw==",
        "dependencies": {
          "OcctSharp.Runtime": "8.0.1-preview.28.cadoryx.topology.1"
        }
      },
      "OcctSharp.Geometry": {
        "type": "Transitive",
        "resolved": "8.0.1-preview.28.cadoryx.topology.1",
        "contentHash": "TN7udKCnKRyt1iZao3qngekWWCMhcXiAwfZcWhZ9IQ3dQuvFkEz3VAZqeKWoPB+DQ6VhmC5nrT0fZ+3j7E/jZA==",
        "dependencies": {
          "OcctSharp.Foundation": "8.0.1-preview.28.cadoryx.topology.1",
          "OcctSharp.Runtime": "8.0.1-preview.28.cadoryx.topology.1"
        }
      },
      "OcctSharp.IVtk": {
        "type": "Transitive",
        "resolved": "8.0.1-preview.28.cadoryx.topology.1",
        "contentHash": "JhaYVkm42jVYMXOk+XiCIKbsYrJEwyqwjnozytji/dn4anJwvS8sb/a/AiPC8FzqWO8atDo5hhKOK0rIzVoLSQ==",
        "dependencies": {
          "OcctSharp.Runtime": "8.0.1-preview.28.cadoryx.topology.1",
          "OcctSharp.Visualization": "8.0.1-preview.28.cadoryx.topology.1"
        }
      },
      "OcctSharp.Mesh": {
        "type": "Transitive",
        "resolved": "8.0.1-preview.28.cadoryx.topology.1",
        "contentHash": "g/quR7DuwaCZY4aWHTxM7UIqn11uNRAkvaUkcokEwr0K4eC3V/Vi/XpB06lM2xySZZu24hNqDCP5iMjqXSnucA==",
        "dependencies": {
          "OcctSharp.Foundation": "8.0.1-preview.28.cadoryx.topology.1",
          "OcctSharp.Geometry": "8.0.1-preview.28.cadoryx.topology.1",
          "OcctSharp.MeshData": "8.0.1-preview.28.cadoryx.topology.1",
          "OcctSharp.Modeling": "8.0.1-preview.28.cadoryx.topology.1",
          "OcctSharp.Runtime": "8.0.1-preview.28.cadoryx.topology.1"
        }
      },
      "OcctSharp.MeshData": {
        "type": "Transitive",
        "resolved": "8.0.1-preview.28.cadoryx.topology.1",
        "contentHash": "+yI1MYoRDisrWurp718BFf/tqps2BpXdIXDJOEWLEmDLMeLQIvfmdLPK/BWU3c2qKBJl8nfhXrrQKf9m/9G5dg==",
        "dependencies": {
          "OcctSharp.Foundation": "8.0.1-preview.28.cadoryx.topology.1",
          "OcctSharp.Geometry": "8.0.1-preview.28.cadoryx.topology.1",
          "OcctSharp.Runtime": "8.0.1-preview.28.cadoryx.topology.1"
        }
      },
      "OcctSharp.Modeling": {
        "type": "Transitive",
        "resolved": "8.0.1-preview.28.cadoryx.topology.1",
        "contentHash": "04B6WEHdKEGY6yRQK+H9VjHptwNZIIAsoGcQtA99l1OhsfaLwUgWWAeUCKN1yu3m2PdrN1bKroUAh/406QPpgw==",
        "dependencies": {
          "OcctSharp.Foundation": "8.0.1-preview.28.cadoryx.topology.1",
          "OcctSharp.Geometry": "8.0.1-preview.28.cadoryx.topology.1",
          "OcctSharp.MeshData": "8.0.1-preview.28.cadoryx.topology.1",
          "OcctSharp.Runtime": "8.0.1-preview.28.cadoryx.topology.1"
        }
      },
      "OcctSharp.Native.win-x64": {
        "type": "Transitive",
        "resolved": "8.0.1-preview.28.cadoryx.topology.1",
        "contentHash": "5CTsefuRZkQSwecRvQEcUwBH2dvpvWRfkQljxomCP3tJ9K9JE78/3kE5na2kfgXrBTJsj/OsoFvDSpXtLKqONQ=="
      },
      "OcctSharp.Runtime": {
        "type": "Transitive",
        "resolved": "8.0.1-preview.28.cadoryx.topology.1",
        "contentHash": "2uEUmwVQU6fLfBzxLhwGjoTQJrhaKYy27c+mPd6r1VVe6bxlq3Ph3xwTO4NUEK7Z6ZRhsB+xZH2XEWw0tCEzwQ==",
        "dependencies": {
          "OcctSharp.Native.win-x64": "8.0.1-preview.28.cadoryx.topology.1"
        }
      },
      "OcctSharp.Visualization": {
        "type": "Transitive",
        "resolved": "8.0.1-preview.28.cadoryx.topology.1",
        "contentHash": "/owAyrnSIC1wrwk/O13sVYMm4eJ9SIb2YRinr30oEBfdLgNMMq5k5FU1eLTquafx5j5UXw4zNSC+XdR2QHApeA==",
        "dependencies": {
          "OcctSharp.Documents": "8.0.1-preview.28.cadoryx.topology.1",
          "OcctSharp.Foundation": "8.0.1-preview.28.cadoryx.topology.1",
          "OcctSharp.Geometry": "8.0.1-preview.28.cadoryx.topology.1",
          "OcctSharp.Mesh": "8.0.1-preview.28.cadoryx.topology.1",
          "OcctSharp.MeshData": "8.0.1-preview.28.cadoryx.topology.1",
          "OcctSharp.Modeling": "8.0.1-preview.28.cadoryx.topology.1",
          "OcctSharp.Runtime": "8.0.1-preview.28.cadoryx.topology.1"
        }
      },
      "OcctSharp.Xde": {
        "type": "Transitive",
        "resolved": "8.0.1-preview.28.cadoryx.topology.1",
        "contentHash": "dF+8Bc62MbG+BW+K2x0FSMYHC++BilspEm9LL2OmPphRh7Aa5CJFAeXBejmLKbjkeHXBKeLr36+rRLTMzlvz/w==",
        "dependencies": {
          "OcctSharp.DataExchange": "8.0.1-preview.28.cadoryx.topology.1",
          "OcctSharp.Documents": "8.0.1-preview.28.cadoryx.topology.1",
          "OcctSharp.Foundation": "8.0.1-preview.28.cadoryx.topology.1",
          "OcctSharp.Geometry": "8.0.1-preview.28.cadoryx.topology.1",
          "OcctSharp.Mesh": "8.0.1-preview.28.cadoryx.topology.1",
          "OcctSharp.MeshData": "8.0.1-preview.28.cadoryx.topology.1",
          "OcctSharp.Modeling": "8.0.1-preview.28.cadoryx.topology.1",
          "OcctSharp.Runtime": "8.0.1-preview.28.cadoryx.topology.1",
          "OcctSharp.Visualization": "8.0.1-preview.28.cadoryx.topology.1"
        }
      },
      "cadoryx.db": {
        "type": "Project"
      },
      "cadoryx.kernel.abstractions": {
        "type": "Project",
        "dependencies": {
          "Cadoryx.Db": "[1.0.0, )"
        }
      }
    }
  }
}