{
  "version": 1,
  "dependencies": {
    "net10.0": {
      "cadoryx.commands": {
        "type": "Project",
        "dependencies": {
          "Cadoryx.Kernel.Abstractions": "[1.0.0, )"
        }
      },
      "cadoryx.db": {
        "type": "Project"
      },
      "cadoryx.kernel.abstractions": {
        "type": "Project",
        "dependencies": {
          "Cadoryx.Db": "[1.0.0, )"
        }
      },
      "cadoryx.rendering": {
        "type": "Project",
        "dependencies": {
          "Cadoryx.Db": "[1.0.0, )"
        }
      }
    }
  }
}